
Microsoft Visual Studio Solution File, Format Version 12.00
# Visual Studio 2012
Project("{FAE04EC0-301F-11D3-BF4B-00C04F79EFBC}") = "exercise_2", "exercise_2\exercise_2.csproj", "{04EAEB05-79E7-4C2B-842D-D564B538697E}"
EndProject
Global
	GlobalSection(SolutionConfigurationPlatforms) = preSolution
		Debug|Any CPU = Debug|Any CPU
		Release|Any CPU = Release|Any CPU
	EndGlobalSection
	GlobalSection(ProjectConfigurationPlatforms) = postSolution
		{04EAEB05-79E7-4C2B-842D-D564B538697E}.Debug|Any CPU.ActiveCfg = Debug|Any CPU
		{04EAEB05-79E7-4C2B-842D-D564B538697E}.Debug|Any CPU.Build.0 = Debug|Any CPU
		{04EAEB05-79E7-4C2B-842D-D564B538697E}.Release|Any CPU.ActiveCfg = Release|Any CPU
		{04EAEB05-79E7-4C2B-842D-D564B538697E}.Release|Any CPU.Build.0 = Release|Any CPU
	EndGlobalSection
	GlobalSection(SolutionProperties) = preSolution
		HideSolutionNode = FALSE
	EndGlobalSection
EndGlobal
